
Microsoft Visual Studio Solution File, Format Version 12.00
# Visual Studio Version 17
VisualStudioVersion = 17.7.34202.233
MinimumVisualStudioVersion = 10.0.40219.1
Project("{9A19103F-16F7-4668-BE54-9A1E7A4F7556}") = "PostLand.Domain", "PostLand.Domain\PostLand.Domain.csproj", "{54BCA65A-C807-4907-BED7-0876A982F9A7}"
EndProject
Project("{2150E333-8FDC-42A3-9474-1A3956D46DE8}") = "src", "src", "{60CA3F50-248C-4160-9396-E8E8F6C511F8}"
EndProject
Project("{2150E333-8FDC-42A3-9474-1A3956D46DE8}") = "test", "test", "{C75FB5A3-07F6-4655-A965-B5DA7BF9CDFA}"
EndProject
Project("{2150E333-8FDC-42A3-9474-1A3956D46DE8}") = "Core", "Core", "{DB5136E1-1FB0-4E4C-96BB-78A34780380C}"
EndProject
Project("{2150E333-8FDC-42A3-9474-1A3956D46DE8}") = "Infrastructure", "Infrastructure", "{AABC16D9-FBE3-43C1-8CDE-A981653FC3A1}"
EndProject
Project("{2150E333-8FDC-42A3-9474-1A3956D46DE8}") = "Ui", "Ui", "{9AFC7716-5646-4A8C-A784-23DF221D0560}"
EndProject
Project("{2150E333-8FDC-42A3-9474-1A3956D46DE8}") = "Api", "Api", "{BD949331-B36F-4C48-BBA5-326DC86FC418}"
EndProject
Project("{9A19103F-16F7-4668-BE54-9A1E7A4F7556}") = "PostLand.Application", "PostLand.Application\PostLand.Application.csproj", "{45BDDF5A-B4D8-4685-98DA-39D56CA2520D}"
EndProject
Project("{FAE04EC0-301F-11D3-BF4B-00C04F79EFBC}") = "PostLand.Persistence", "PostLand.Persistence\PostLand.Persistence.csproj", "{E358D70E-FE33-4516-9A8C-DF10F1D38DEF}"
EndProject
Project("{FAE04EC0-301F-11D3-BF4B-00C04F79EFBC}") = "PostLand.API", "PostLand.API\PostLand.API.csproj", "{A8FBA378-24C8-4D7A-AAB3-DE89A9503E97}"
EndProject
Global
	GlobalSection(SolutionConfigurationPlatforms) = preSolution
		Debug|Any CPU = Debug|Any CPU
		Release|Any CPU = Release|Any CPU
	EndGlobalSection
	GlobalSection(ProjectConfigurationPlatforms) = postSolution
		{54BCA65A-C807-4907-BED7-0876A982F9A7}.Debug|Any CPU.ActiveCfg = Debug|Any CPU
		{54BCA65A-C807-4907-BED7-0876A982F9A7}.Debug|Any CPU.Build.0 = Debug|Any CPU
		{54BCA65A-C807-4907-BED7-0876A982F9A7}.Release|Any CPU.ActiveCfg = Release|Any CPU
		{54BCA65A-C807-4907-BED7-0876A982F9A7}.Release|Any CPU.Build.0 = Release|Any CPU
		{45BDDF5A-B4D8-4685-98DA-39D56CA2520D}.Debug|Any CPU.ActiveCfg = Debug|Any CPU
		{45BDDF5A-B4D8-4685-98DA-39D56CA2520D}.Debug|Any CPU.Build.0 = Debug|Any CPU
		{45BDDF5A-B4D8-4685-98DA-39D56CA2520D}.Release|Any CPU.ActiveCfg = Release|Any CPU
		{45BDDF5A-B4D8-4685-98DA-39D56CA2520D}.Release|Any CPU.Build.0 = Release|Any CPU
		{E358D70E-FE33-4516-9A8C-DF10F1D38DEF}.Debug|Any CPU.ActiveCfg = Debug|Any CPU
		{E358D70E-FE33-4516-9A8C-DF10F1D38DEF}.Debug|Any CPU.Build.0 = Debug|Any CPU
		{E358D70E-FE33-4516-9A8C-DF10F1D38DEF}.Release|Any CPU.ActiveCfg = Release|Any CPU
		{E358D70E-FE33-4516-9A8C-DF10F1D38DEF}.Release|Any CPU.Build.0 = Release|Any CPU
		{A8FBA378-24C8-4D7A-AAB3-DE89A9503E97}.Debug|Any CPU.ActiveCfg = Debug|Any CPU
		{A8FBA378-24C8-4D7A-AAB3-DE89A9503E97}.Debug|Any CPU.Build.0 = Debug|Any CPU
		{A8FBA378-24C8-4D7A-AAB3-DE89A9503E97}.Release|Any CPU.ActiveCfg = Release|Any CPU
		{A8FBA378-24C8-4D7A-AAB3-DE89A9503E97}.Release|Any CPU.Build.0 = Release|Any CPU
	EndGlobalSection
	GlobalSection(SolutionProperties) = preSolution
		HideSolutionNode = FALSE
	EndGlobalSection
	GlobalSection(NestedProjects) = preSolution
		{54BCA65A-C807-4907-BED7-0876A982F9A7} = {DB5136E1-1FB0-4E4C-96BB-78A34780380C}
		{DB5136E1-1FB0-4E4C-96BB-78A34780380C} = {60CA3F50-248C-4160-9396-E8E8F6C511F8}
		{AABC16D9-FBE3-43C1-8CDE-A981653FC3A1} = {60CA3F50-248C-4160-9396-E8E8F6C511F8}
		{9AFC7716-5646-4A8C-A784-23DF221D0560} = {60CA3F50-248C-4160-9396-E8E8F6C511F8}
		{BD949331-B36F-4C48-BBA5-326DC86FC418} = {60CA3F50-248C-4160-9396-E8E8F6C511F8}
		{45BDDF5A-B4D8-4685-98DA-39D56CA2520D} = {DB5136E1-1FB0-4E4C-96BB-78A34780380C}
		{E358D70E-FE33-4516-9A8C-DF10F1D38DEF} = {AABC16D9-FBE3-43C1-8CDE-A981653FC3A1}
		{A8FBA378-24C8-4D7A-AAB3-DE89A9503E97} = {BD949331-B36F-4C48-BBA5-326DC86FC418}
	EndGlobalSection
	GlobalSection(ExtensibilityGlobals) = postSolution
		SolutionGuid = {65AD2F91-7355-4BA5-A64C-389DBFEED716}
	EndGlobalSection
EndGlobal
